// !$*UTF8*$!
{
	archiveVersion = 1;
	classes = {
	};
	objectVersion = 77;
	objects = {

/* Begin PBXBuildFile section */
		0129EDC21643C2DE0B0D0060 /* GameScene.swift in Sources */ = {isa = PBXBuildFile; fileRef = AC415A9CA4B47AD1A5CADAB0 /* GameScene.swift */; };
		042D233AD4F33C29200A5BED /* TeslaTower.swift in Sources */ = {isa = PBXBuildFile; fileRef = 338113AEA2F29744A75C6DE8 /* TeslaTower.swift */; };
		0D9D079497C02A023C11D7BB /* BlastTower.swift in Sources */ = {isa = PBXBuildFile; fileRef = 5DF333D93A342C51A8F9F459 /* BlastTower.swift */; };
		0EE6B5BC977D179C979132D3 /* RunEndScreen.swift in Sources */ = {isa = PBXBuildFile; fileRef = 684BFDA9A9571B9AD40ECD48 /* RunEndScreen.swift */; };
		1596E749DFB0073C54544675 /* TowerInfoPanel.swift in Sources */ = {isa = PBXBuildFile; fileRef = E1DCABAF689009E8CB0548C9 /* TowerInfoPanel.swift */; };
		1642059FD0BD18BBD541BEDE /* ShieldEnemy.swift in Sources */ = {isa = PBXBuildFile; fileRef = CBD17ECF91AB687E5054B48C /* ShieldEnemy.swift */; };
		17E7B13DCFC132D0E69D600F /* Assets.xcassets in Resources */ = {isa = PBXBuildFile; fileRef = 88CDBB48B13880491055CEB0 /* Assets.xcassets */; };
		25204E202FDEE848CA66D42A /* GhostEnemy.swift in Sources */ = {isa = PBXBuildFile; fileRef = A6D0ABBBA7F42F1D945C72C6 /* GhostEnemy.swift */; };
		2A438639282B960837248356 /* LocalRunStorage.swift in Sources */ = {isa = PBXBuildFile; fileRef = 32FF60CD7966D4225C7AC0F5 /* LocalRunStorage.swift */; };
		2D899661AA87B13F24FB2161 /* InfernoTower.swift in Sources */ = {isa = PBXBuildFile; fileRef = F181E90A5FE6891995B85710 /* InfernoTower.swift */; };
		303EDB2035E47DCBD0E3F9D7 /* PremiumStore.swift in Sources */ = {isa = PBXBuildFile; fileRef = BD414EB7D6622CE9A95BDE0D /* PremiumStore.swift */; };
		30F843ABAC527DB9A36F7663 /* Enemy.swift in Sources */ = {isa = PBXBuildFile; fileRef = D6A906724EBB50552DAD7738 /* Enemy.swift */; };
		40B7C8B48528DA6C5450BEF1 /* GameViewModel.swift in Sources */ = {isa = PBXBuildFile; fileRef = 75F0830F4E75B28F25C53130 /* GameViewModel.swift */; };
		5203BD0915DF1AF901015FA4 /* ArsenalStore.swift in Sources */ = {isa = PBXBuildFile; fileRef = 77E94B40320C1F0732DF963C /* ArsenalStore.swift */; };
		5245237069878ED3F0A2BC18 /* RunResult.swift in Sources */ = {isa = PBXBuildFile; fileRef = E775B8E86B1B90DA57039E61 /* RunResult.swift */; };
		54176E9ABC8701358400B90C /* HowToPlayScreen.swift in Sources */ = {isa = PBXBuildFile; fileRef = B2FF8E3ACD8A5D9D4B665D20 /* HowToPlayScreen.swift */; };
		54EFF30E359E2D7A2B3C8863 /* AppState.swift in Sources */ = {isa = PBXBuildFile; fileRef = 02FF28657F3A49119BD4905B /* AppState.swift */; };
		5751EAE39AD3E066F9463448 /* PrivacyInfo.xcprivacy in Resources */ = {isa = PBXBuildFile; fileRef = 984F7E26DF60568DD6333A5B /* PrivacyInfo.xcprivacy */; };
		57A93C99342E771C6DD19861 /* EventBannerView.swift in Sources */ = {isa = PBXBuildFile; fileRef = 77B180B11BA7DE5AD28C33D6 /* EventBannerView.swift */; };
		5A3FB78A39D791AA24C90EF2 /* SwarmEnemy.swift in Sources */ = {isa = PBXBuildFile; fileRef = CA6E3FEEA11E5EEB42C07EC3 /* SwarmEnemy.swift */; };
		6333CB55385FFFE8DE0A1CD6 /* PathSystem.swift in Sources */ = {isa = PBXBuildFile; fileRef = E493FFA3EFB068BA379A4382 /* PathSystem.swift */; };
		66708FC0CEF5C807F4514F91 /* SniperTower.swift in Sources */ = {isa = PBXBuildFile; fileRef = B2DDF45C6D7C27B4ED1E06E6 /* SniperTower.swift */; };
		6B0F2B00F5805C953E94E981 /* BossEnemy.swift in Sources */ = {isa = PBXBuildFile; fileRef = 12204FCA50953C50CF44C3C9 /* BossEnemy.swift */; };
		6D97E1D7ED28B9E7699E6BE9 /* JumperEnemy.swift in Sources */ = {isa = PBXBuildFile; fileRef = B62A9B106E74F43D420A919C /* JumperEnemy.swift */; };
		6EAA670285A4474295A0D9CD /* ViewExtensions.swift in Sources */ = {isa = PBXBuildFile; fileRef = 95376E451D1C715286855AB2 /* ViewExtensions.swift */; };
		712B1BEAA01E682F934241D1 /* ScoreCalculator.swift in Sources */ = {isa = PBXBuildFile; fileRef = 25795B44C8A7319D7061E5C7 /* ScoreCalculator.swift */; };
		735831476BEFCFD38F17CC6A /* GoldManager.swift in Sources */ = {isa = PBXBuildFile; fileRef = 66B9E3A197BF73F3FD984E35 /* GoldManager.swift */; };
		75D3EBF6B218AB49FF0B6702 /* NovaTower.swift in Sources */ = {isa = PBXBuildFile; fileRef = 69EFB333DB3CD21E65FB742F /* NovaTower.swift */; };
		7BD72EB0B7DE02854FB2CD71 /* Color+Pathrift.swift in Sources */ = {isa = PBXBuildFile; fileRef = CD2F2647DDA468FE9435C5D0 /* Color+Pathrift.swift */; };
		7EE72230397E24E27D28A335 /* ButtonStyles.swift in Sources */ = {isa = PBXBuildFile; fileRef = A489DA2D996FBB0D340B7198 /* ButtonStyles.swift */; };
		859C2576630E44C0CAAB4CD4 /* TankEnemy.swift in Sources */ = {isa = PBXBuildFile; fileRef = CBDF95002FFE22A49199414E /* TankEnemy.swift */; };
		8D3CCA7EBD986B2A35D77274 /* RunnerEnemy.swift in Sources */ = {isa = PBXBuildFile; fileRef = 390A24DBF0718B98D471CA1A /* RunnerEnemy.swift */; };
		8F5E9542F45F530577E37CB1 /* SpriteKit.framework in Frameworks */ = {isa = PBXBuildFile; fileRef = 1703DB5A2CAA277A87B5E630 /* SpriteKit.framework */; };
		9084573EF97F0C1ADB5EDE33 /* ArtilleryTower.swift in Sources */ = {isa = PBXBuildFile; fileRef = BAC096555299E436A1B1BCD3 /* ArtilleryTower.swift */; };
		925D8B54DCC86D24ED81303E /* HomeScreen.swift in Sources */ = {isa = PBXBuildFile; fileRef = 85522E925323C39619BD7467 /* HomeScreen.swift */; };
		9583714A0B82157C35E9E374 /* LanguageManager.swift in Sources */ = {isa = PBXBuildFile; fileRef = C9C26431543546D5D15D9CB4 /* LanguageManager.swift */; };
		96833CE9460D4861CA597F22 /* BoltTower.swift in Sources */ = {isa = PBXBuildFile; fileRef = 6556E26699A7EA9E9A452C13 /* BoltTower.swift */; };
		9EE1E38AB9BC70B93E87E1D5 /* TowerMenuView.swift in Sources */ = {isa = PBXBuildFile; fileRef = 34E3850FB6781D37BC157249 /* TowerMenuView.swift */; };
		A4B75A2203FE418D18002D4A /* Tower.swift in Sources */ = {isa = PBXBuildFile; fileRef = B83A22CB3EBD2471C389E9B3 /* Tower.swift */; };
		A583823FDBDCD824F12B870C /* PathriftApp.swift in Sources */ = {isa = PBXBuildFile; fileRef = 6896DA7A0C6F736579373A6B /* PathriftApp.swift */; };
		A7159071F3F8089A72FEAA34 /* WaveSystem.swift in Sources */ = {isa = PBXBuildFile; fileRef = E1AA98E792F35CB28E593BA4 /* WaveSystem.swift */; };
		B70E635AD950DA3265149040 /* ArsenalScreen.swift in Sources */ = {isa = PBXBuildFile; fileRef = 13F4B9FD1B884FA18DC01A4B /* ArsenalScreen.swift */; };
		BAB6676D83CFF4275232A5CA /* SettingsScreen.swift in Sources */ = {isa = PBXBuildFile; fileRef = 9D0BE562F8DF38CEB7708B7E /* SettingsScreen.swift */; };
		BD57727477650C35AC447C77 /* GridSystem.swift in Sources */ = {isa = PBXBuildFile; fileRef = 31BC5D731D26BA576209F1BB /* GridSystem.swift */; };
		C83920CA33F996D294BB49D7 /* CoreTower.swift in Sources */ = {isa = PBXBuildFile; fileRef = DCC7378CF359B1F945AF5B0E /* CoreTower.swift */; };
		CD3F5BBB0AFA694FF0798DB9 /* StoreScreen.swift in Sources */ = {isa = PBXBuildFile; fileRef = 096D4700A95CFDB5CEC19D67 /* StoreScreen.swift */; };
		CE5ECBB91410350ADF6198C4 /* SplitterEnemy.swift in Sources */ = {isa = PBXBuildFile; fileRef = 88C16993F9DA3A0D9719B5AB /* SplitterEnemy.swift */; };
		D76717AED5C0CE53DAD9B42C /* GameplayKit.framework in Frameworks */ = {isa = PBXBuildFile; fileRef = CFE5ED737339F33EA7E8588E /* GameplayKit.framework */; };
		DB45FF99F29F356842EDC1E3 /* GameView.swift in Sources */ = {isa = PBXBuildFile; fileRef = 1402EB4B45C385713EC0CC46 /* GameView.swift */; };
		E064942C2B05C7DDBE1DC910 /* EconomyConstants.swift in Sources */ = {isa = PBXBuildFile; fileRef = 2431CC73A3A0C194A4397B59 /* EconomyConstants.swift */; };
		E4326EAE91C738213D00F277 /* PierceTower.swift in Sources */ = {isa = PBXBuildFile; fileRef = 0E9AEE3B9A5BB8895BF0DF3F /* PierceTower.swift */; };
		E6C17D2509C6CFF4E3EE2D00 /* FrostTower.swift in Sources */ = {isa = PBXBuildFile; fileRef = 7BECE04EB0C73D20390C1BDA /* FrostTower.swift */; };
		EE126E2D6D414D3383E3A57E /* DiamondStore.swift in Sources */ = {isa = PBXBuildFile; fileRef = 5BD1ECA9E5C38AAB65960269 /* DiamondStore.swift */; };
		F6E2E050D4349B5EF81984B8 /* CombatHUDView.swift in Sources */ = {isa = PBXBuildFile; fileRef = 8C96FE3ED23408AF336BABA6 /* CombatHUDView.swift */; };
		F92849EDD31229FA97459725 /* PathLayer.swift in Sources */ = {isa = PBXBuildFile; fileRef = AB02ACECE70E2626EBF11CAF /* PathLayer.swift */; };
/* End PBXBuildFile section */

/* Begin PBXFileReference section */
		02FF28657F3A49119BD4905B /* AppState.swift */ = {isa = PBXFileReference; lastKnownFileType = sourcecode.swift; path = AppState.swift; sourceTree = "<group>"; };
		096D4700A95CFDB5CEC19D67 /* StoreScreen.swift */ = {isa = PBXFileReference; lastKnownFileType = sourcecode.swift; path = StoreScreen.swift; sourceTree = "<group>"; };
		0E9AEE3B9A5BB8895BF0DF3F /* PierceTower.swift */ = {isa = PBXFileReference; lastKnownFileType = sourcecode.swift; path = PierceTower.swift; sourceTree = "<group>"; };
		12204FCA50953C50CF44C3C9 /* BossEnemy.swift */ = {isa = PBXFileReference; lastKnownFileType = sourcecode.swift; path = BossEnemy.swift; sourceTree = "<group>"; };
		13F4B9FD1B884FA18DC01A4B /* ArsenalScreen.swift */ = {isa = PBXFileReference; lastKnownFileType = sourcecode.swift; path = ArsenalScreen.swift; sourceTree = "<group>"; };
		1402EB4B45C385713EC0CC46 /* GameView.swift */ = {isa = PBXFileReference; lastKnownFileType = sourcecode.swift; path = GameView.swift; sourceTree = "<group>"; };
		1703DB5A2CAA277A87B5E630 /* SpriteKit.framework */ = {isa = PBXFileReference; lastKnownFileType = wrapper.framework; name = SpriteKit.framework; path = System/Library/Frameworks/SpriteKit.framework; sourceTree = SDKROOT; };
		2431CC73A3A0C194A4397B59 /* EconomyConstants.swift */ = {isa = PBXFileReference; lastKnownFileType = sourcecode.swift; path = EconomyConstants.swift; sourceTree = "<group>"; };
		25795B44C8A7319D7061E5C7 /* ScoreCalculator.swift */ = {isa = PBXFileReference; lastKnownFileType = sourcecode.swift; path = ScoreCalculator.swift; sourceTree = "<group>"; };
		31BC5D731D26BA576209F1BB /* GridSystem.swift */ = {isa = PBXFileReference; lastKnownFileType = sourcecode.swift; path = GridSystem.swift; sourceTree = "<group>"; };
		32FF60CD7966D4225C7AC0F5 /* LocalRunStorage.swift */ = {isa = PBXFileReference; lastKnownFileType = sourcecode.swift; path = LocalRunStorage.swift; sourceTree = "<group>"; };
		338113AEA2F29744A75C6DE8 /* TeslaTower.swift */ = {isa = PBXFileReference; lastKnownFileType = sourcecode.swift; path = TeslaTower.swift; sourceTree = "<group>"; };
		34E3850FB6781D37BC157249 /* TowerMenuView.swift */ = {isa = PBXFileReference; lastKnownFileType = sourcecode.swift; path = TowerMenuView.swift; sourceTree = "<group>"; };
		390A24DBF0718B98D471CA1A /* RunnerEnemy.swift */ = {isa = PBXFileReference; lastKnownFileType = sourcecode.swift; path = RunnerEnemy.swift; sourceTree = "<group>"; };
		47B7B9544B3FD9C03F1A5777 /* Pathrift.app */ = {isa = PBXFileReference; includeInIndex = 0; lastKnownFileType = wrapper.application; path = Pathrift.app; sourceTree = BUILT_PRODUCTS_DIR; };
		5BD1ECA9E5C38AAB65960269 /* DiamondStore.swift */ = {isa = PBXFileReference; lastKnownFileType = sourcecode.swift; path = DiamondStore.swift; sourceTree = "<group>"; };
		5DF333D93A342C51A8F9F459 /* BlastTower.swift */ = {isa = PBXFileReference; lastKnownFileType = sourcecode.swift; path = BlastTower.swift; sourceTree = "<group>"; };
		620C7E2C9254801FDEA8DCD4 /* Info.plist */ = {isa = PBXFileReference; lastKnownFileType = text.plist; path = Info.plist; sourceTree = "<group>"; };
		6556E26699A7EA9E9A452C13 /* BoltTower.swift */ = {isa = PBXFileReference; lastKnownFileType = sourcecode.swift; path = BoltTower.swift; sourceTree = "<group>"; };
		66B9E3A197BF73F3FD984E35 /* GoldManager.swift */ = {isa = PBXFileReference; lastKnownFileType = sourcecode.swift; path = GoldManager.swift; sourceTree = "<group>"; };
		684BFDA9A9571B9AD40ECD48 /* RunEndScreen.swift */ = {isa = PBXFileReference; lastKnownFileType = sourcecode.swift; path = RunEndScreen.swift; sourceTree = "<group>"; };
		6896DA7A0C6F736579373A6B /* PathriftApp.swift */ = {isa = PBXFileReference; lastKnownFileType = sourcecode.swift; path = PathriftApp.swift; sourceTree = "<group>"; };
		69EFB333DB3CD21E65FB742F /* NovaTower.swift */ = {isa = PBXFileReference; lastKnownFileType = sourcecode.swift; path = NovaTower.swift; sourceTree = "<group>"; };
		75F0830F4E75B28F25C53130 /* GameViewModel.swift */ = {isa = PBXFileReference; lastKnownFileType = sourcecode.swift; path = GameViewModel.swift; sourceTree = "<group>"; };
		77B180B11BA7DE5AD28C33D6 /* EventBannerView.swift */ = {isa = PBXFileReference; lastKnownFileType = sourcecode.swift; path = EventBannerView.swift; sourceTree = "<group>"; };
		77E94B40320C1F0732DF963C /* ArsenalStore.swift */ = {isa = PBXFileReference; lastKnownFileType = sourcecode.swift; path = ArsenalStore.swift; sourceTree = "<group>"; };
		7BECE04EB0C73D20390C1BDA /* FrostTower.swift */ = {isa = PBXFileReference; lastKnownFileType = sourcecode.swift; path = FrostTower.swift; sourceTree = "<group>"; };
		85522E925323C39619BD7467 /* HomeScreen.swift */ = {isa = PBXFileReference; lastKnownFileType = sourcecode.swift; path = HomeScreen.swift; sourceTree = "<group>"; };
		88C16993F9DA3A0D9719B5AB /* SplitterEnemy.swift */ = {isa = PBXFileReference; lastKnownFileType = sourcecode.swift; path = SplitterEnemy.swift; sourceTree = "<group>"; };
		88CDBB48B13880491055CEB0 /* Assets.xcassets */ = {isa = PBXFileReference; lastKnownFileType = folder.assetcatalog; path = Assets.xcassets; sourceTree = "<group>"; };
		8C96FE3ED23408AF336BABA6 /* CombatHUDView.swift */ = {isa = PBXFileReference; lastKnownFileType = sourcecode.swift; path = CombatHUDView.swift; sourceTree = "<group>"; };
		95376E451D1C715286855AB2 /* ViewExtensions.swift */ = {isa = PBXFileReference; lastKnownFileType = sourcecode.swift; path = ViewExtensions.swift; sourceTree = "<group>"; };
		984F7E26DF60568DD6333A5B /* PrivacyInfo.xcprivacy */ = {isa = PBXFileReference; path = PrivacyInfo.xcprivacy; sourceTree = "<group>"; };
		9D0BE562F8DF38CEB7708B7E /* SettingsScreen.swift */ = {isa = PBXFileReference; lastKnownFileType = sourcecode.swift; path = SettingsScreen.swift; sourceTree = "<group>"; };
		A489DA2D996FBB0D340B7198 /* ButtonStyles.swift */ = {isa = PBXFileReference; lastKnownFileType = sourcecode.swift; path = ButtonStyles.swift; sourceTree = "<group>"; };
		A6D0ABBBA7F42F1D945C72C6 /* GhostEnemy.swift */ = {isa = PBXFileReference; lastKnownFileType = sourcecode.swift; path = GhostEnemy.swift; sourceTree = "<group>"; };
		AB02ACECE70E2626EBF11CAF /* PathLayer.swift */ = {isa = PBXFileReference; lastKnownFileType = sourcecode.swift; path = PathLayer.swift; sourceTree = "<group>"; };
		AC415A9CA4B47AD1A5CADAB0 /* GameScene.swift */ = {isa = PBXFileReference; lastKnownFileType = sourcecode.swift; path = GameScene.swift; sourceTree = "<group>"; };
		B2DDF45C6D7C27B4ED1E06E6 /* SniperTower.swift */ = {isa = PBXFileReference; lastKnownFileType = sourcecode.swift; path = SniperTower.swift; sourceTree = "<group>"; };
		B2FF8E3ACD8A5D9D4B665D20 /* HowToPlayScreen.swift */ = {isa = PBXFileReference; lastKnownFileType = sourcecode.swift; path = HowToPlayScreen.swift; sourceTree = "<group>"; };
		B62A9B106E74F43D420A919C /* JumperEnemy.swift */ = {isa = PBXFileReference; lastKnownFileType = sourcecode.swift; path = JumperEnemy.swift; sourceTree = "<group>"; };
		B83A22CB3EBD2471C389E9B3 /* Tower.swift */ = {isa = PBXFileReference; lastKnownFileType = sourcecode.swift; path = Tower.swift; sourceTree = "<group>"; };
		BAC096555299E436A1B1BCD3 /* ArtilleryTower.swift */ = {isa = PBXFileReference; lastKnownFileType = sourcecode.swift; path = ArtilleryTower.swift; sourceTree = "<group>"; };
		BD414EB7D6622CE9A95BDE0D /* PremiumStore.swift */ = {isa = PBXFileReference; lastKnownFileType = sourcecode.swift; path = PremiumStore.swift; sourceTree = "<group>"; };
		C9C26431543546D5D15D9CB4 /* LanguageManager.swift */ = {isa = PBXFileReference; lastKnownFileType = sourcecode.swift; path = LanguageManager.swift; sourceTree = "<group>"; };
		CA6E3FEEA11E5EEB42C07EC3 /* SwarmEnemy.swift */ = {isa = PBXFileReference; lastKnownFileType = sourcecode.swift; path = SwarmEnemy.swift; sourceTree = "<group>"; };
		CBD17ECF91AB687E5054B48C /* ShieldEnemy.swift */ = {isa = PBXFileReference; lastKnownFileType = sourcecode.swift; path = ShieldEnemy.swift; sourceTree = "<group>"; };
		CBDF95002FFE22A49199414E /* TankEnemy.swift */ = {isa = PBXFileReference; lastKnownFileType = sourcecode.swift; path = TankEnemy.swift; sourceTree = "<group>"; };
		CD2F2647DDA468FE9435C5D0 /* Color+Pathrift.swift */ = {isa = PBXFileReference; lastKnownFileType = sourcecode.swift; path = "Color+Pathrift.swift"; sourceTree = "<group>"; };
		CFE5ED737339F33EA7E8588E /* GameplayKit.framework */ = {isa = PBXFileReference; lastKnownFileType = wrapper.framework; name = GameplayKit.framework; path = System/Library/Frameworks/GameplayKit.framework; sourceTree = SDKROOT; };
		D6A906724EBB50552DAD7738 /* Enemy.swift */ = {isa = PBXFileReference; lastKnownFileType = sourcecode.swift; path = Enemy.swift; sourceTree = "<group>"; };
		DCC7378CF359B1F945AF5B0E /* CoreTower.swift */ = {isa = PBXFileReference; lastKnownFileType = sourcecode.swift; path = CoreTower.swift; sourceTree = "<group>"; };
		E1AA98E792F35CB28E593BA4 /* WaveSystem.swift */ = {isa = PBXFileReference; lastKnownFileType = sourcecode.swift; path = WaveSystem.swift; sourceTree = "<group>"; };
		E1DCABAF689009E8CB0548C9 /* TowerInfoPanel.swift */ = {isa = PBXFileReference; lastKnownFileType = sourcecode.swift; path = TowerInfoPanel.swift; sourceTree = "<group>"; };
		E493FFA3EFB068BA379A4382 /* PathSystem.swift */ = {isa = PBXFileReference; lastKnownFileType = sourcecode.swift; path = PathSystem.swift; sourceTree = "<group>"; };
		E775B8E86B1B90DA57039E61 /* RunResult.swift */ = {isa = PBXFileReference; lastKnownFileType = sourcecode.swift; path = RunResult.swift; sourceTree = "<group>"; };
		F181E90A5FE6891995B85710 /* InfernoTower.swift */ = {isa = PBXFileReference; lastKnownFileType = sourcecode.swift; path = InfernoTower.swift; sourceTree = "<group>"; };
/* End PBXFileReference section */

/* Begin PBXFrameworksBuildPhase section */
		EBFCF47A4ECC33D92CF242FE /* Frameworks */ = {
			isa = PBXFrameworksBuildPhase;
			buildActionMask = 2147483647;
			files = (
				8F5E9542F45F530577E37CB1 /* SpriteKit.framework in Frameworks */,
				D76717AED5C0CE53DAD9B42C /* GameplayKit.framework in Frameworks */,
			);
			runOnlyForDeploymentPostprocessing = 0;
		};
/* End PBXFrameworksBuildPhase section */

/* Begin PBXGroup section */
		0494C111DEBC54BBACB16813 /* Extensions */ = {
			isa = PBXGroup;
			children = (
				CD2F2647DDA468FE9435C5D0 /* Color+Pathrift.swift */,
				95376E451D1C715286855AB2 /* ViewExtensions.swift */,
			);
			path = Extensions;
			sourceTree = "<group>";
		};
		10A86281536EA511FB1936A3 /* Game */ = {
			isa = PBXGroup;
			children = (
				AC415A9CA4B47AD1A5CADAB0 /* GameScene.swift */,
				1402EB4B45C385713EC0CC46 /* GameView.swift */,
				75F0830F4E75B28F25C53130 /* GameViewModel.swift */,
				66B9E3A197BF73F3FD984E35 /* GoldManager.swift */,
				31BC5D731D26BA576209F1BB /* GridSystem.swift */,
				AB02ACECE70E2626EBF11CAF /* PathLayer.swift */,
				E493FFA3EFB068BA379A4382 /* PathSystem.swift */,
				25795B44C8A7319D7061E5C7 /* ScoreCalculator.swift */,
				E1AA98E792F35CB28E593BA4 /* WaveSystem.swift */,
				BAA937E0132A8231AAF32EE3 /* Enemies */,
				BFA2E2DB5E750BD4392B2805 /* Towers */,
			);
			path = Game;
			sourceTree = "<group>";
		};
		1C8D0E2C8932CAF7891FE5A5 /* Products */ = {
			isa = PBXGroup;
			children = (
				47B7B9544B3FD9C03F1A5777 /* Pathrift.app */,
			);
			name = Products;
			sourceTree = "<group>";
		};
		1FFA38B8A16BBE8C8BDA3D9F /* Frameworks */ = {
			isa = PBXGroup;
			children = (
				CFE5ED737339F33EA7E8588E /* GameplayKit.framework */,
				1703DB5A2CAA277A87B5E630 /* SpriteKit.framework */,
			);
			name = Frameworks;
			sourceTree = "<group>";
		};
		483E6AFAEA7600DC39170FC8 /* Core */ = {
			isa = PBXGroup;
			children = (
				C32130B796A5996968EBC422 /* Engine */,
				9A720E15428A1EA1B512A8D6 /* Models */,
				4D7D2D7BC19D03FE7BB730B2 /* Services */,
				6670018F29454A11CDF26DC7 /* Storage */,
			);
			path = Core;
			sourceTree = "<group>";
		};
		4D7D2D7BC19D03FE7BB730B2 /* Services */ = {
			isa = PBXGroup;
			children = (
				77E94B40320C1F0732DF963C /* ArsenalStore.swift */,
				5BD1ECA9E5C38AAB65960269 /* DiamondStore.swift */,
				C9C26431543546D5D15D9CB4 /* LanguageManager.swift */,
				BD414EB7D6622CE9A95BDE0D /* PremiumStore.swift */,
			);
			path = Services;
			sourceTree = "<group>";
		};
		511C6D52DCC2DAED1B262255 /* UI */ = {
			isa = PBXGroup;
			children = (
				55AAB0770F0A460EABE0EE27 /* Components */,
				C888B75E057FE089105AED67 /* Screens */,
			);
			path = UI;
			sourceTree = "<group>";
		};
		55AAB0770F0A460EABE0EE27 /* Components */ = {
			isa = PBXGroup;
			children = (
				A489DA2D996FBB0D340B7198 /* ButtonStyles.swift */,
				8C96FE3ED23408AF336BABA6 /* CombatHUDView.swift */,
				77B180B11BA7DE5AD28C33D6 /* EventBannerView.swift */,
				E1DCABAF689009E8CB0548C9 /* TowerInfoPanel.swift */,
				34E3850FB6781D37BC157249 /* TowerMenuView.swift */,
			);
			path = Components;
			sourceTree = "<group>";
		};
		6670018F29454A11CDF26DC7 /* Storage */ = {
			isa = PBXGroup;
			children = (
				32FF60CD7966D4225C7AC0F5 /* LocalRunStorage.swift */,
			);
			path = Storage;
			sourceTree = "<group>";
		};
		9A4EAF2E7C4A178650BB4D03 /* Pathrift */ = {
			isa = PBXGroup;
			children = (
				02FF28657F3A49119BD4905B /* AppState.swift */,
				88CDBB48B13880491055CEB0 /* Assets.xcassets */,
				620C7E2C9254801FDEA8DCD4 /* Info.plist */,
				6896DA7A0C6F736579373A6B /* PathriftApp.swift */,
				984F7E26DF60568DD6333A5B /* PrivacyInfo.xcprivacy */,
				483E6AFAEA7600DC39170FC8 /* Core */,
				0494C111DEBC54BBACB16813 /* Extensions */,
				10A86281536EA511FB1936A3 /* Game */,
				511C6D52DCC2DAED1B262255 /* UI */,
			);
			path = Pathrift;
			sourceTree = "<group>";
		};
		9A720E15428A1EA1B512A8D6 /* Models */ = {
			isa = PBXGroup;
			children = (
				E775B8E86B1B90DA57039E61 /* RunResult.swift */,
			);
			path = Models;
			sourceTree = "<group>";
		};
		A606D3746A0A653DA3DF9F4D = {
			isa = PBXGroup;
			children = (
				9A4EAF2E7C4A178650BB4D03 /* Pathrift */,
				1FFA38B8A16BBE8C8BDA3D9F /* Frameworks */,
				1C8D0E2C8932CAF7891FE5A5 /* Products */,
			);
			sourceTree = "<group>";
		};
		BAA937E0132A8231AAF32EE3 /* Enemies */ = {
			isa = PBXGroup;
			children = (
				12204FCA50953C50CF44C3C9 /* BossEnemy.swift */,
				D6A906724EBB50552DAD7738 /* Enemy.swift */,
				A6D0ABBBA7F42F1D945C72C6 /* GhostEnemy.swift */,
				B62A9B106E74F43D420A919C /* JumperEnemy.swift */,
				390A24DBF0718B98D471CA1A /* RunnerEnemy.swift */,
				CBD17ECF91AB687E5054B48C /* ShieldEnemy.swift */,
				88C16993F9DA3A0D9719B5AB /* SplitterEnemy.swift */,
				CA6E3FEEA11E5EEB42C07EC3 /* SwarmEnemy.swift */,
				CBDF95002FFE22A49199414E /* TankEnemy.swift */,
			);
			path = Enemies;
			sourceTree = "<group>";
		};
		BFA2E2DB5E750BD4392B2805 /* Towers */ = {
			isa = PBXGroup;
			children = (
				BAC096555299E436A1B1BCD3 /* ArtilleryTower.swift */,
				5DF333D93A342C51A8F9F459 /* BlastTower.swift */,
				6556E26699A7EA9E9A452C13 /* BoltTower.swift */,
				DCC7378CF359B1F945AF5B0E /* CoreTower.swift */,
				7BECE04EB0C73D20390C1BDA /* FrostTower.swift */,
				F181E90A5FE6891995B85710 /* InfernoTower.swift */,
				69EFB333DB3CD21E65FB742F /* NovaTower.swift */,
				0E9AEE3B9A5BB8895BF0DF3F /* PierceTower.swift */,
				B2DDF45C6D7C27B4ED1E06E6 /* SniperTower.swift */,
				338113AEA2F29744A75C6DE8 /* TeslaTower.swift */,
				B83A22CB3EBD2471C389E9B3 /* Tower.swift */,
			);
			path = Towers;
			sourceTree = "<group>";
		};
		C32130B796A5996968EBC422 /* Engine */ = {
			isa = PBXGroup;
			children = (
				2431CC73A3A0C194A4397B59 /* EconomyConstants.swift */,
			);
			path = Engine;
			sourceTree = "<group>";
		};
		C888B75E057FE089105AED67 /* Screens */ = {
			isa = PBXGroup;
			children = (
				13F4B9FD1B884FA18DC01A4B /* ArsenalScreen.swift */,
				85522E925323C39619BD7467 /* HomeScreen.swift */,
				B2FF8E3ACD8A5D9D4B665D20 /* HowToPlayScreen.swift */,
				684BFDA9A9571B9AD40ECD48 /* RunEndScreen.swift */,
				9D0BE562F8DF38CEB7708B7E /* SettingsScreen.swift */,
				096D4700A95CFDB5CEC19D67 /* StoreScreen.swift */,
			);
			path = Screens;
			sourceTree = "<group>";
		};
/* End PBXGroup section */

/* Begin PBXNativeTarget section */
		5FB75A4CD07F22ED12F5DA19 /* Pathrift */ = {
			isa = PBXNativeTarget;
			buildConfigurationList = 7BDF282BD27D42726CD78D95 /* Build configuration list for PBXNativeTarget "Pathrift" */;
			buildPhases = (
				DB78F81E4EC5BF5A3F53EEE7 /* Sources */,
				39A5772C9E0E917D7FD68B63 /* Resources */,
				EBFCF47A4ECC33D92CF242FE /* Frameworks */,
			);
			buildRules = (
			);
			dependencies = (
			);
			name = Pathrift;
			packageProductDependencies = (
			);
			productName = Pathrift;
			productReference = 47B7B9544B3FD9C03F1A5777 /* Pathrift.app */;
			productType = "com.apple.product-type.application";
		};
/* End PBXNativeTarget section */

/* Begin PBXProject section */
		A15685B9974AAF09237B5503 /* Project object */ = {
			isa = PBXProject;
			attributes = {
				BuildIndependentTargetsInParallel = YES;
				LastUpgradeCheck = 1600;
				TargetAttributes = {
				};
			};
			buildConfigurationList = C569ACFFC5FA3EC9E7D3D75B /* Build configuration list for PBXProject "Pathrift" */;
			developmentRegion = en;
			hasScannedForEncodings = 0;
			knownRegions = (
				Base,
				en,
			);
			mainGroup = A606D3746A0A653DA3DF9F4D;
			minimizedProjectReferenceProxies = 1;
			preferredProjectObjectVersion = 77;
			productRefGroup = 1C8D0E2C8932CAF7891FE5A5 /* Products */;
			projectDirPath = "";
			projectRoot = "";
			targets = (
				5FB75A4CD07F22ED12F5DA19 /* Pathrift */,
			);
		};
/* End PBXProject section */

/* Begin PBXResourcesBuildPhase section */
		39A5772C9E0E917D7FD68B63 /* Resources */ = {
			isa = PBXResourcesBuildPhase;
			buildActionMask = 2147483647;
			files = (
				17E7B13DCFC132D0E69D600F /* Assets.xcassets in Resources */,
				5751EAE39AD3E066F9463448 /* PrivacyInfo.xcprivacy in Resources */,
			);
			runOnlyForDeploymentPostprocessing = 0;
		};
/* End PBXResourcesBuildPhase section */

/* Begin PBXSourcesBuildPhase section */
		DB78F81E4EC5BF5A3F53EEE7 /* Sources */ = {
			isa = PBXSourcesBuildPhase;
			buildActionMask = 2147483647;
			files = (
				54EFF30E359E2D7A2B3C8863 /* AppState.swift in Sources */,
				B70E635AD950DA3265149040 /* ArsenalScreen.swift in Sources */,
				5203BD0915DF1AF901015FA4 /* ArsenalStore.swift in Sources */,
				9084573EF97F0C1ADB5EDE33 /* ArtilleryTower.swift in Sources */,
				0D9D079497C02A023C11D7BB /* BlastTower.swift in Sources */,
				96833CE9460D4861CA597F22 /* BoltTower.swift in Sources */,
				6B0F2B00F5805C953E94E981 /* BossEnemy.swift in Sources */,
				7EE72230397E24E27D28A335 /* ButtonStyles.swift in Sources */,
				7BD72EB0B7DE02854FB2CD71 /* Color+Pathrift.swift in Sources */,
				F6E2E050D4349B5EF81984B8 /* CombatHUDView.swift in Sources */,
				C83920CA33F996D294BB49D7 /* CoreTower.swift in Sources */,
				EE126E2D6D414D3383E3A57E /* DiamondStore.swift in Sources */,
				E064942C2B05C7DDBE1DC910 /* EconomyConstants.swift in Sources */,
				30F843ABAC527DB9A36F7663 /* Enemy.swift in Sources */,
				57A93C99342E771C6DD19861 /* EventBannerView.swift in Sources */,
				E6C17D2509C6CFF4E3EE2D00 /* FrostTower.swift in Sources */,
				0129EDC21643C2DE0B0D0060 /* GameScene.swift in Sources */,
				DB45FF99F29F356842EDC1E3 /* GameView.swift in Sources */,
				40B7C8B48528DA6C5450BEF1 /* GameViewModel.swift in Sources */,
				25204E202FDEE848CA66D42A /* GhostEnemy.swift in Sources */,
				735831476BEFCFD38F17CC6A /* GoldManager.swift in Sources */,
				BD57727477650C35AC447C77 /* GridSystem.swift in Sources */,
				925D8B54DCC86D24ED81303E /* HomeScreen.swift in Sources */,
				54176E9ABC8701358400B90C /* HowToPlayScreen.swift in Sources */,
				2D899661AA87B13F24FB2161 /* InfernoTower.swift in Sources */,
				6D97E1D7ED28B9E7699E6BE9 /* JumperEnemy.swift in Sources */,
				9583714A0B82157C35E9E374 /* LanguageManager.swift in Sources */,
				2A438639282B960837248356 /* LocalRunStorage.swift in Sources */,
				75D3EBF6B218AB49FF0B6702 /* NovaTower.swift in Sources */,
				F92849EDD31229FA97459725 /* PathLayer.swift in Sources */,
				6333CB55385FFFE8DE0A1CD6 /* PathSystem.swift in Sources */,
				A583823FDBDCD824F12B870C /* PathriftApp.swift in Sources */,
				E4326EAE91C738213D00F277 /* PierceTower.swift in Sources */,
				303EDB2035E47DCBD0E3F9D7 /* PremiumStore.swift in Sources */,
				0EE6B5BC977D179C979132D3 /* RunEndScreen.swift in Sources */,
				5245237069878ED3F0A2BC18 /* RunResult.swift in Sources */,
				8D3CCA7EBD986B2A35D77274 /* RunnerEnemy.swift in Sources */,
				712B1BEAA01E682F934241D1 /* ScoreCalculator.swift in Sources */,
				BAB6676D83CFF4275232A5CA /* SettingsScreen.swift in Sources */,
				1642059FD0BD18BBD541BEDE /* ShieldEnemy.swift in Sources */,
				66708FC0CEF5C807F4514F91 /* SniperTower.swift in Sources */,
				CE5ECBB91410350ADF6198C4 /* SplitterEnemy.swift in Sources */,
				CD3F5BBB0AFA694FF0798DB9 /* StoreScreen.swift in Sources */,
				5A3FB78A39D791AA24C90EF2 /* SwarmEnemy.swift in Sources */,
				859C2576630E44C0CAAB4CD4 /* TankEnemy.swift in Sources */,
				042D233AD4F33C29200A5BED /* TeslaTower.swift in Sources */,
				A4B75A2203FE418D18002D4A /* Tower.swift in Sources */,
				1596E749DFB0073C54544675 /* TowerInfoPanel.swift in Sources */,
				9EE1E38AB9BC70B93E87E1D5 /* TowerMenuView.swift in Sources */,
				6EAA670285A4474295A0D9CD /* ViewExtensions.swift in Sources */,
				A7159071F3F8089A72FEAA34 /* WaveSystem.swift in Sources */,
			);
			runOnlyForDeploymentPostprocessing = 0;
		};
/* End PBXSourcesBuildPhase section */

/* Begin XCBuildConfiguration section */
		16F03245ADBE56121FBE851E /* Release */ = {
			isa = XCBuildConfiguration;
			buildSettings = {
				ASSETCATALOG_COMPILER_APPICON_NAME = AppIcon;
				ASSETCATALOG_COMPILER_GLOBAL_ACCENT_COLOR_NAME = AccentColor;
				CODE_SIGN_IDENTITY = "iPhone Developer";
				CURRENT_PROJECT_VERSION = 3;
				INFOPLIST_FILE = Pathrift/Info.plist;
				LD_RUNPATH_SEARCH_PATHS = (
					"$(inherited)",
					"@executable_path/Frameworks",
				);
				MARKETING_VERSION = 1.0.0;
				PRODUCT_BUNDLE_IDENTIFIER = com.pathrift.anonve.ios;
				SDKROOT = iphoneos;
				SWIFT_VERSION = 5.9;
				TARGETED_DEVICE_FAMILY = "1,2";
			};
			name = Release;
		};
		4A4A670B4D5282FE9BEEF4B7 /* Debug */ = {
			isa = XCBuildConfiguration;
			buildSettings = {
				ALWAYS_SEARCH_USER_PATHS = NO;
				CLANG_ANALYZER_NONNULL = YES;
				CLANG_ANALYZER_NUMBER_OBJECT_CONVERSION = YES_AGGRESSIVE;
				CLANG_CXX_LANGUAGE_STANDARD = "gnu++14";
				CLANG_CXX_LIBRARY = "libc++";
				CLANG_ENABLE_MODULES = YES;
				CLANG_ENABLE_OBJC_ARC = YES;
				CLANG_ENABLE_OBJC_WEAK = YES;
				CLANG_WARN_BLOCK_CAPTURE_AUTORELEASING = YES;
				CLANG_WARN_BOOL_CONVERSION = YES;
				CLANG_WARN_COMMA = YES;
				CLANG_WARN_CONSTANT_CONVERSION = YES;
				CLANG_WARN_DEPRECATED_OBJC_IMPLEMENTATIONS = YES;
				CLANG_WARN_DIRECT_OBJC_ISA_USAGE = YES_ERROR;
				CLANG_WARN_DOCUMENTATION_COMMENTS = YES;
				CLANG_WARN_EMPTY_BODY = YES;
				CLANG_WARN_ENUM_CONVERSION = YES;
				CLANG_WARN_INFINITE_RECURSION = YES;
				CLANG_WARN_INT_CONVERSION = YES;
				CLANG_WARN_NON_LITERAL_NULL_CONVERSION = YES;
				CLANG_WARN_OBJC_IMPLICIT_RETAIN_SELF = YES;
				CLANG_WARN_OBJC_LITERAL_CONVERSION = YES;
				CLANG_WARN_OBJC_ROOT_CLASS = YES_ERROR;
				CLANG_WARN_QUOTED_INCLUDE_IN_FRAMEWORK_HEADER = YES;
				CLANG_WARN_RANGE_LOOP_ANALYSIS = YES;
				CLANG_WARN_STRICT_PROTOTYPES = YES;
				CLANG_WARN_SUSPICIOUS_MOVE = YES;
				CLANG_WARN_UNGUARDED_AVAILABILITY = YES_AGGRESSIVE;
				CLANG_WARN_UNREACHABLE_CODE = YES;
				CLANG_WARN__DUPLICATE_METHOD_MATCH = YES;
				COPY_PHASE_STRIP = NO;
				DEBUG_INFORMATION_FORMAT = dwarf;
				ENABLE_STRICT_OBJC_MSGSEND = YES;
				ENABLE_TESTABILITY = YES;
				GCC_C_LANGUAGE_STANDARD = gnu11;
				GCC_DYNAMIC_NO_PIC = NO;
				GCC_NO_COMMON_BLOCKS = YES;
				GCC_OPTIMIZATION_LEVEL = 0;
				GCC_PREPROCESSOR_DEFINITIONS = (
					"$(inherited)",
					"DEBUG=1",
				);
				GCC_WARN_64_TO_32_BIT_CONVERSION = YES;
				GCC_WARN_ABOUT_RETURN_TYPE = YES_ERROR;
				GCC_WARN_UNDECLARED_SELECTOR = YES;
				GCC_WARN_UNINITIALIZED_AUTOS = YES_AGGRESSIVE;
				GCC_WARN_UNUSED_FUNCTION = YES;
				GCC_WARN_UNUSED_VARIABLE = YES;
				IPHONEOS_DEPLOYMENT_TARGET = 17.0;
				MTL_ENABLE_DEBUG_INFO = INCLUDE_SOURCE;
				MTL_FAST_MATH = YES;
				ONLY_ACTIVE_ARCH = YES;
				PRODUCT_NAME = "$(TARGET_NAME)";
				SDKROOT = iphoneos;
				SWIFT_ACTIVE_COMPILATION_CONDITIONS = DEBUG;
				SWIFT_OPTIMIZATION_LEVEL = "-Onone";
				SWIFT_VERSION = 5.0;
			};
			name = Debug;
		};
		50F5D7E6E881D3E179E062C7 /* Debug */ = {
			isa = XCBuildConfiguration;
			buildSettings = {
				ASSETCATALOG_COMPILER_APPICON_NAME = AppIcon;
				ASSETCATALOG_COMPILER_GLOBAL_ACCENT_COLOR_NAME = AccentColor;
				CODE_SIGN_IDENTITY = "iPhone Developer";
				CURRENT_PROJECT_VERSION = 3;
				INFOPLIST_FILE = Pathrift/Info.plist;
				LD_RUNPATH_SEARCH_PATHS = (
					"$(inherited)",
					"@executable_path/Frameworks",
				);
				MARKETING_VERSION = 1.0.0;
				PRODUCT_BUNDLE_IDENTIFIER = com.pathrift.anonve.ios;
				SDKROOT = iphoneos;
				SWIFT_VERSION = 5.9;
				TARGETED_DEVICE_FAMILY = "1,2";
			};
			name = Debug;
		};
		E834E64DBF604064C198DAD2 /* Release */ = {
			isa = XCBuildConfiguration;
			buildSettings = {
				ALWAYS_SEARCH_USER_PATHS = NO;
				CLANG_ANALYZER_NONNULL = YES;
				CLANG_ANALYZER_NUMBER_OBJECT_CONVERSION = YES_AGGRESSIVE;
				CLANG_CXX_LANGUAGE_STANDARD = "gnu++14";
				CLANG_CXX_LIBRARY = "libc++";
				CLANG_ENABLE_MODULES = YES;
				CLANG_ENABLE_OBJC_ARC = YES;
				CLANG_ENABLE_OBJC_WEAK = YES;
				CLANG_WARN_BLOCK_CAPTURE_AUTORELEASING = YES;
				CLANG_WARN_BOOL_CONVERSION = YES;
				CLANG_WARN_COMMA = YES;
				CLANG_WARN_CONSTANT_CONVERSION = YES;
				CLANG_WARN_DEPRECATED_OBJC_IMPLEMENTATIONS = YES;
				CLANG_WARN_DIRECT_OBJC_ISA_USAGE = YES_ERROR;
				CLANG_WARN_DOCUMENTATION_COMMENTS = YES;
				CLANG_WARN_EMPTY_BODY = YES;
				CLANG_WARN_ENUM_CONVERSION = YES;
				CLANG_WARN_INFINITE_RECURSION = YES;
				CLANG_WARN_INT_CONVERSION = YES;
				CLANG_WARN_NON_LITERAL_NULL_CONVERSION = YES;
				CLANG_WARN_OBJC_IMPLICIT_RETAIN_SELF = YES;
				CLANG_WARN_OBJC_LITERAL_CONVERSION = YES;
				CLANG_WARN_OBJC_ROOT_CLASS = YES_ERROR;
				CLANG_WARN_QUOTED_INCLUDE_IN_FRAMEWORK_HEADER = YES;
				CLANG_WARN_RANGE_LOOP_ANALYSIS = YES;
				CLANG_WARN_STRICT_PROTOTYPES = YES;
				CLANG_WARN_SUSPICIOUS_MOVE = YES;
				CLANG_WARN_UNGUARDED_AVAILABILITY = YES_AGGRESSIVE;
				CLANG_WARN_UNREACHABLE_CODE = YES;
				CLANG_WARN__DUPLICATE_METHOD_MATCH = YES;
				COPY_PHASE_STRIP = NO;
				DEBUG_INFORMATION_FORMAT = "dwarf-with-dsym";
				ENABLE_NS_ASSERTIONS = NO;
				ENABLE_STRICT_OBJC_MSGSEND = YES;
				GCC_C_LANGUAGE_STANDARD = gnu11;
				GCC_NO_COMMON_BLOCKS = YES;
				GCC_WARN_64_TO_32_BIT_CONVERSION = YES;
				GCC_WARN_ABOUT_RETURN_TYPE = YES_ERROR;
				GCC_WARN_UNDECLARED_SELECTOR = YES;
				GCC_WARN_UNINITIALIZED_AUTOS = YES_AGGRESSIVE;
				GCC_WARN_UNUSED_FUNCTION = YES;
				GCC_WARN_UNUSED_VARIABLE = YES;
				IPHONEOS_DEPLOYMENT_TARGET = 17.0;
				MTL_ENABLE_DEBUG_INFO = NO;
				MTL_FAST_MATH = YES;
				PRODUCT_NAME = "$(TARGET_NAME)";
				SDKROOT = iphoneos;
				SWIFT_COMPILATION_MODE = wholemodule;
				SWIFT_OPTIMIZATION_LEVEL = "-O";
				SWIFT_VERSION = 5.0;
			};
			name = Release;
		};
/* End XCBuildConfiguration section */

/* Begin XCConfigurationList section */
		7BDF282BD27D42726CD78D95 /* Build configuration list for PBXNativeTarget "Pathrift" */ = {
			isa = XCConfigurationList;
			buildConfigurations = (
				50F5D7E6E881D3E179E062C7 /* Debug */,
				16F03245ADBE56121FBE851E /* Release */,
			);
			defaultConfigurationIsVisible = 0;
			defaultConfigurationName = Debug;
		};
		C569ACFFC5FA3EC9E7D3D75B /* Build configuration list for PBXProject "Pathrift" */ = {
			isa = XCConfigurationList;
			buildConfigurations = (
				4A4A670B4D5282FE9BEEF4B7 /* Debug */,
				E834E64DBF604064C198DAD2 /* Release */,
			);
			defaultConfigurationIsVisible = 0;
			defaultConfigurationName = Debug;
		};
/* End XCConfigurationList section */
	};
	rootObject = A15685B9974AAF09237B5503 /* Project object */;
}
